{
  "name": "webpack",
  "version": "1.0.0",
  "lockfileVersion": 1,
  "requires": true,
  "dependencies": {
    "@babel/parser": {
      "version": "7.16.12",
      "resolved": "https://registry.cnpm.cspiretech.com/@babel/parser/download/@babel/parser-7.16.12.tgz",
      "integrity": "sha1-lHR5T5plDPXi+JJEQif5jijN+LY=",
      "dev": true
    }
  }
}
